
Microsoft Visual Studio Solution File, Format Version 12.00
# Visual Studio 15
VisualStudioVersion = 15.0.28010.2026
MinimumVisualStudioVersion = 10.0.40219.1
Project("{FAE04EC0-301F-11D3-BF4B-00C04F79EFBC}") = "Assign1", "Assign1\Assign1.csproj", "{31A88317-E22E-40BA-8FAC-E2ECD5B735EF}"
EndProject
Global
	GlobalSection(SolutionConfigurationPlatforms) = preSolution
		Debug|Any CPU = Debug|Any CPU
		Release|Any CPU = Release|Any CPU
	EndGlobalSection
	GlobalSection(ProjectConfigurationPlatforms) = postSolution
		{31A88317-E22E-40BA-8FAC-E2ECD5B735EF}.Debug|Any CPU.ActiveCfg = Debug|Any CPU
		{31A88317-E22E-40BA-8FAC-E2ECD5B735EF}.Debug|Any CPU.Build.0 = Debug|Any CPU
		{31A88317-E22E-40BA-8FAC-E2ECD5B735EF}.Release|Any CPU.ActiveCfg = Release|Any CPU
		{31A88317-E22E-40BA-8FAC-E2ECD5B735EF}.Release|Any CPU.Build.0 = Release|Any CPU
	EndGlobalSection
	GlobalSection(SolutionProperties) = preSolution
		HideSolutionNode = FALSE
	EndGlobalSection
	GlobalSection(ExtensibilityGlobals) = postSolution
		SolutionGuid = {C6059965-87D5-422E-8CC7-14493766B675}
	EndGlobalSection
EndGlobal
